{
  "version": 4,
  "terraform_version": "1.16.3",
  "serial": 3,
  "lineage": "4b96efb1-f4fa-8a50-2c9f-03846fe7ffa3",
  "outputs": {},
  "resources": [
    {
      "mode": "managed",
      "type": "github_repository",
      "name": "this",
      "provider": "provider[\"registry.terraform.io/integrations/github\"]",
      "instances": [
        {
          "schema_version": 1,
          "attributes": {
            "allow_auto_merge": false,
            "allow_forking": true,
            "allow_merge_commit": true,
            "allow_rebase_merge": true,
            "allow_squash_merge": true,
            "allow_update_branch": false,
            "archive_on_destroy": null,
            "archived": false,
            "auto_init": false,
            "default_branch": "main",
            "delete_branch_on_merge": true,
            "description": "Dagster + dbt + Databricks learning pipeline",
            "etag": "W/\"a3ad4bce6bfcd8fc74d96286b5cbbe65309c5b7671fb130fe844c906ef7b57a3\"",
            "fork": "false",
            "full_name": "CactussKid/personal_de_project",
            "git_clone_url": "git://github.com/CactussKid/personal_de_project.git",
            "gitignore_template": null,
            "has_discussions": false,
            "has_downloads": false,
            "has_issues": true,
            "has_projects": false,
            "has_wiki": false,
            "homepage_url": "",
            "html_url": "https://github.com/CactussKid/personal_de_project",
            "http_clone_url": "https://github.com/CactussKid/personal_de_project.git",
            "id": "personal_de_project",
            "ignore_vulnerability_alerts_during_read": false,
            "is_template": false,
            "license_template": null,
            "merge_commit_message": "PR_TITLE",
            "merge_commit_title": "MERGE_MESSAGE",
            "name": "personal_de_project",
            "node_id": "R_kgDOUhqV_w",
            "pages": [],
            "primary_language": "",
            "private": true,
            "repo_id": 1377474047,
            "security_and_analysis": null,
            "source_owner": "",
            "source_repo": "",
            "squash_merge_commit_message": "COMMIT_MESSAGES",
            "squash_merge_commit_title": "COMMIT_OR_PR_TITLE",
            "ssh_clone_url": "git@github.com:CactussKid/personal_de_project.git",
            "svn_url": "https://github.com/CactussKid/personal_de_project",
            "template": [],
            "topics": [],
            "visibility": "private",
            "vulnerability_alerts": null,
            "web_commit_signoff_required": false
          },
          "sensitive_attributes": [],
          "identity_schema_version": 0,
          "private": "eyJzY2hlbWFfdmVyc2lvbiI6IjEifQ=="
        }
      ]
    }
  ],
  "check_results": null
}
